# Locked development dependencies for github-unified-mcp-bff.
#
# Includes production, test and lint dependencies resolved from a known-good CI run.
# Install development dependencies with:
#   python -m pip install -e ".[dev]" --constraint requirements-dev.lock
#
# Keep this file in sync with requirements.lock when updating runtime deps.

aiosqlite==0.22.1
annotated-doc==0.0.4
annotated-types==0.7.0
anyio==4.13.0
certifi==2026.5.20
cffi==2.0.0
click==8.4.0
cryptography==48.0.0
ecdsa==0.19.2
fastapi==0.136.1
h11==0.16.0
httpcore==1.0.9
httptools==0.7.1
httpx==0.28.1
idna==3.15
iniconfig==2.3.0
packaging==26.2
pluggy==1.6.0
pyasn1==0.6.3
pycparser==3.0
pydantic==2.13.4
pydantic-core==2.46.4
pydantic-settings==2.14.1
pygments==2.20.0
pytest==9.0.3
pytest-asyncio==1.3.0
python-dotenv==1.2.2
python-jose==3.5.0
pyyaml==6.0.3
respx==0.23.1
rsa==4.9.1
ruff==0.15.13
six==1.17.0
starlette==1.0.0
typing-extensions==4.15.0
typing-inspection==0.4.2
uvicorn==0.47.0
uvloop==0.22.1
watchfiles==1.2.0
websockets==16.0
